
Microsoft Visual Studio Solution File, Format Version 12.00
# Visual Studio Version 17
VisualStudioVersion = 17.9.34728.123
MinimumVisualStudioVersion = 10.0.40219.1
Project("{9A19103F-16F7-4668-BE54-9A1E7A4F7556}") = "OOP_Giris", "OOP_Giris\OOP_Giris.csproj", "{E08688E7-C8CA-46C8-AF4F-5E09D3518043}"
EndProject
Project("{9A19103F-16F7-4668-BE54-9A1E7A4F7556}") = "2-ClassEncapsulation", "2-ClassEncapsulation\2-ClassEncapsulation.csproj", "{1E728099-8708-4F04-8F48-B7E03CF4D2D6}"
EndProject
Project("{9A19103F-16F7-4668-BE54-9A1E7A4F7556}") = "3-Enum", "3-Enum\3-Enum.csproj", "{80E1CC90-CE84-4C0D-951E-410708240A71}"
EndProject
Project("{9A19103F-16F7-4668-BE54-9A1E7A4F7556}") = "4-Inheritance", "4-Kalitim\4-Inheritance.csproj", "{41083698-8196-410A-8CB3-6D8E2EEBE721}"
EndProject
Project("{9A19103F-16F7-4668-BE54-9A1E7A4F7556}") = "5-Constructor", "5-Constructor\5-Constructor.csproj", "{AD4C82DD-9562-4E8A-979F-DD2F024F729C}"
EndProject
Project("{9A19103F-16F7-4668-BE54-9A1E7A4F7556}") = "6-InheritanceTekrar", "6-InheritanceTekrar\6-InheritanceTekrar.csproj", "{370B7BD2-9CFC-4D2D-A390-915DAF03873E}"
EndProject
Project("{9A19103F-16F7-4668-BE54-9A1E7A4F7556}") = "7.Polimorfizm", "7.Polimorfizm\7.Polimorfizm.csproj", "{FADF7896-7FA1-4FD2-B776-5DDDC627897C}"
EndProject
Project("{9A19103F-16F7-4668-BE54-9A1E7A4F7556}") = "8-Polimorfizm 2", "8-Polimorfizm 2\8-Polimorfizm 2.csproj", "{B67E6001-C4E8-42EF-934C-A6194DBCB14A}"
EndProject
Project("{9A19103F-16F7-4668-BE54-9A1E7A4F7556}") = "9-Abstract", "9-Abstract\9-Abstract.csproj", "{36EB6A0E-DE45-4E10-A147-EA774A407C87}"
EndProject
Project("{9A19103F-16F7-4668-BE54-9A1E7A4F7556}") = "10-Interface", "10-Interface\10-Interface.csproj", "{EA42930B-D0B4-48C2-BF00-5F01CE783D8F}"
EndProject
Project("{9A19103F-16F7-4668-BE54-9A1E7A4F7556}") = "12-InterfaceKalitimTekrar", "12-InterfaceKalitimTekrar\12-InterfaceKalitimTekrar.csproj", "{C3C66AF5-8C6E-4AE4-8BB7-A34AB88BE09F}"
EndProject
Project("{9A19103F-16F7-4668-BE54-9A1E7A4F7556}") = "13-InterfaceFirin", "13-InterfaceFirin\13-InterfaceFirin.csproj", "{24C5015F-72CE-4F8E-8242-17545DDD291B}"
EndProject
Project("{9A19103F-16F7-4668-BE54-9A1E7A4F7556}") = "14-InterfaceFutbol", "14-InterfaceFutbol\14-InterfaceFutbol.csproj", "{B6408DBB-4F01-42C8-AD74-F7697DA13689}"
EndProject
Project("{9A19103F-16F7-4668-BE54-9A1E7A4F7556}") = "15-InterfaceOtomobil", "15-InterfaceOtomobil\15-InterfaceOtomobil.csproj", "{3CEE40DD-4B4C-4CCC-A279-441AA4300F92}"
EndProject
Project("{9A19103F-16F7-4668-BE54-9A1E7A4F7556}") = "16-PartialClass", "16-PartialClass\16-PartialClass.csproj", "{16649DF5-18E3-4BD4-B5B7-9CD594CAF724}"
EndProject
Project("{9A19103F-16F7-4668-BE54-9A1E7A4F7556}") = "17-SealedClass", "17-SealedClass\17-SealedClass.csproj", "{68E88556-1F86-48D6-990D-6F69699D65EA}"
EndProject
Project("{9A19103F-16F7-4668-BE54-9A1E7A4F7556}") = "18-InterfaceInsanKaynaklari", "18-InterfaceInsanKaynaklari\18-InterfaceInsanKaynaklari.csproj", "{C4BE7C7C-C6BA-421E-A71D-44249228E6AB}"
EndProject
Project("{9A19103F-16F7-4668-BE54-9A1E7A4F7556}") = "19-NorthwindModels", "19-NorthwindModels\19-NorthwindModels.csproj", "{6F1B0C9D-2ECF-4843-A071-F77AA6ACB0E5}"
EndProject
Project("{9A19103F-16F7-4668-BE54-9A1E7A4F7556}") = "20-GenericRepository", "20-GenericRepository\20-GenericRepository.csproj", "{BA7A538B-8EA1-40D5-8C04-C5B78CEF14AF}"
EndProject
Project("{FAE04EC0-301F-11D3-BF4B-00C04F79EFBC}") = "21-OOPGenelTekrar", "21-OOPGenelTekrar\21-OOPGenelTekrar.csproj", "{2DE770FA-80CF-4437-99C8-11A236A15136}"
EndProject
Project("{FAE04EC0-301F-11D3-BF4B-00C04F79EFBC}") = "22-ActionDelegate", "22-ActionDelegate\22-ActionDelegate.csproj", "{B95081E7-F520-4944-8F48-41D2625D975E}"
EndProject
Global
	GlobalSection(SolutionConfigurationPlatforms) = preSolution
		Debug|Any CPU = Debug|Any CPU
		Release|Any CPU = Release|Any CPU
	EndGlobalSection
	GlobalSection(ProjectConfigurationPlatforms) = postSolution
		{E08688E7-C8CA-46C8-AF4F-5E09D3518043}.Debug|Any CPU.ActiveCfg = Debug|Any CPU
		{E08688E7-C8CA-46C8-AF4F-5E09D3518043}.Debug|Any CPU.Build.0 = Debug|Any CPU
		{E08688E7-C8CA-46C8-AF4F-5E09D3518043}.Release|Any CPU.ActiveCfg = Release|Any CPU
		{E08688E7-C8CA-46C8-AF4F-5E09D3518043}.Release|Any CPU.Build.0 = Release|Any CPU
		{1E728099-8708-4F04-8F48-B7E03CF4D2D6}.Debug|Any CPU.ActiveCfg = Debug|Any CPU
		{1E728099-8708-4F04-8F48-B7E03CF4D2D6}.Debug|Any CPU.Build.0 = Debug|Any CPU
		{1E728099-8708-4F04-8F48-B7E03CF4D2D6}.Release|Any CPU.ActiveCfg = Release|Any CPU
		{1E728099-8708-4F04-8F48-B7E03CF4D2D6}.Release|Any CPU.Build.0 = Release|Any CPU
		{80E1CC90-CE84-4C0D-951E-410708240A71}.Debug|Any CPU.ActiveCfg = Debug|Any CPU
		{80E1CC90-CE84-4C0D-951E-410708240A71}.Debug|Any CPU.Build.0 = Debug|Any CPU
		{80E1CC90-CE84-4C0D-951E-410708240A71}.Release|Any CPU.ActiveCfg = Release|Any CPU
		{80E1CC90-CE84-4C0D-951E-410708240A71}.Release|Any CPU.Build.0 = Release|Any CPU
		{41083698-8196-410A-8CB3-6D8E2EEBE721}.Debug|Any CPU.ActiveCfg = Debug|Any CPU
		{41083698-8196-410A-8CB3-6D8E2EEBE721}.Debug|Any CPU.Build.0 = Debug|Any CPU
		{41083698-8196-410A-8CB3-6D8E2EEBE721}.Release|Any CPU.ActiveCfg = Release|Any CPU
		{41083698-8196-410A-8CB3-6D8E2EEBE721}.Release|Any CPU.Build.0 = Release|Any CPU
		{AD4C82DD-9562-4E8A-979F-DD2F024F729C}.Debug|Any CPU.ActiveCfg = Debug|Any CPU
		{AD4C82DD-9562-4E8A-979F-DD2F024F729C}.Debug|Any CPU.Build.0 = Debug|Any CPU
		{AD4C82DD-9562-4E8A-979F-DD2F024F729C}.Release|Any CPU.ActiveCfg = Release|Any CPU
		{AD4C82DD-9562-4E8A-979F-DD2F024F729C}.Release|Any CPU.Build.0 = Release|Any CPU
		{370B7BD2-9CFC-4D2D-A390-915DAF03873E}.Debug|Any CPU.ActiveCfg = Debug|Any CPU
		{370B7BD2-9CFC-4D2D-A390-915DAF03873E}.Debug|Any CPU.Build.0 = Debug|Any CPU
		{370B7BD2-9CFC-4D2D-A390-915DAF03873E}.Release|Any CPU.ActiveCfg = Release|Any CPU
		{370B7BD2-9CFC-4D2D-A390-915DAF03873E}.Release|Any CPU.Build.0 = Release|Any CPU
		{FADF7896-7FA1-4FD2-B776-5DDDC627897C}.Debug|Any CPU.ActiveCfg = Debug|Any CPU
		{FADF7896-7FA1-4FD2-B776-5DDDC627897C}.Debug|Any CPU.Build.0 = Debug|Any CPU
		{FADF7896-7FA1-4FD2-B776-5DDDC627897C}.Release|Any CPU.ActiveCfg = Release|Any CPU
		{FADF7896-7FA1-4FD2-B776-5DDDC627897C}.Release|Any CPU.Build.0 = Release|Any CPU
		{B67E6001-C4E8-42EF-934C-A6194DBCB14A}.Debug|Any CPU.ActiveCfg = Debug|Any CPU
		{B67E6001-C4E8-42EF-934C-A6194DBCB14A}.Debug|Any CPU.Build.0 = Debug|Any CPU
		{B67E6001-C4E8-42EF-934C-A6194DBCB14A}.Release|Any CPU.ActiveCfg = Release|Any CPU
		{B67E6001-C4E8-42EF-934C-A6194DBCB14A}.Release|Any CPU.Build.0 = Release|Any CPU
		{36EB6A0E-DE45-4E10-A147-EA774A407C87}.Debug|Any CPU.ActiveCfg = Debug|Any CPU
		{36EB6A0E-DE45-4E10-A147-EA774A407C87}.Debug|Any CPU.Build.0 = Debug|Any CPU
		{36EB6A0E-DE45-4E10-A147-EA774A407C87}.Release|Any CPU.ActiveCfg = Release|Any CPU
		{36EB6A0E-DE45-4E10-A147-EA774A407C87}.Release|Any CPU.Build.0 = Release|Any CPU
		{EA42930B-D0B4-48C2-BF00-5F01CE783D8F}.Debug|Any CPU.ActiveCfg = Debug|Any CPU
		{EA42930B-D0B4-48C2-BF00-5F01CE783D8F}.Debug|Any CPU.Build.0 = Debug|Any CPU
		{EA42930B-D0B4-48C2-BF00-5F01CE783D8F}.Release|Any CPU.ActiveCfg = Release|Any CPU
		{EA42930B-D0B4-48C2-BF00-5F01CE783D8F}.Release|Any CPU.Build.0 = Release|Any CPU
		{C3C66AF5-8C6E-4AE4-8BB7-A34AB88BE09F}.Debug|Any CPU.ActiveCfg = Debug|Any CPU
		{C3C66AF5-8C6E-4AE4-8BB7-A34AB88BE09F}.Debug|Any CPU.Build.0 = Debug|Any CPU
		{C3C66AF5-8C6E-4AE4-8BB7-A34AB88BE09F}.Release|Any CPU.ActiveCfg = Release|Any CPU
		{C3C66AF5-8C6E-4AE4-8BB7-A34AB88BE09F}.Release|Any CPU.Build.0 = Release|Any CPU
		{24C5015F-72CE-4F8E-8242-17545DDD291B}.Debug|Any CPU.ActiveCfg = Debug|Any CPU
		{24C5015F-72CE-4F8E-8242-17545DDD291B}.Debug|Any CPU.Build.0 = Debug|Any CPU
		{24C5015F-72CE-4F8E-8242-17545DDD291B}.Release|Any CPU.ActiveCfg = Release|Any CPU
		{24C5015F-72CE-4F8E-8242-17545DDD291B}.Release|Any CPU.Build.0 = Release|Any CPU
		{B6408DBB-4F01-42C8-AD74-F7697DA13689}.Debug|Any CPU.ActiveCfg = Debug|Any CPU
		{B6408DBB-4F01-42C8-AD74-F7697DA13689}.Debug|Any CPU.Build.0 = Debug|Any CPU
		{B6408DBB-4F01-42C8-AD74-F7697DA13689}.Release|Any CPU.ActiveCfg = Release|Any CPU
		{B6408DBB-4F01-42C8-AD74-F7697DA13689}.Release|Any CPU.Build.0 = Release|Any CPU
		{3CEE40DD-4B4C-4CCC-A279-441AA4300F92}.Debug|Any CPU.ActiveCfg = Debug|Any CPU
		{3CEE40DD-4B4C-4CCC-A279-441AA4300F92}.Debug|Any CPU.Build.0 = Debug|Any CPU
		{3CEE40DD-4B4C-4CCC-A279-441AA4300F92}.Release|Any CPU.ActiveCfg = Release|Any CPU
		{3CEE40DD-4B4C-4CCC-A279-441AA4300F92}.Release|Any CPU.Build.0 = Release|Any CPU
		{16649DF5-18E3-4BD4-B5B7-9CD594CAF724}.Debug|Any CPU.ActiveCfg = Debug|Any CPU
		{16649DF5-18E3-4BD4-B5B7-9CD594CAF724}.Debug|Any CPU.Build.0 = Debug|Any CPU
		{16649DF5-18E3-4BD4-B5B7-9CD594CAF724}.Release|Any CPU.ActiveCfg = Release|Any CPU
		{16649DF5-18E3-4BD4-B5B7-9CD594CAF724}.Release|Any CPU.Build.0 = Release|Any CPU
		{68E88556-1F86-48D6-990D-6F69699D65EA}.Debug|Any CPU.ActiveCfg = Debug|Any CPU
		{68E88556-1F86-48D6-990D-6F69699D65EA}.Debug|Any CPU.Build.0 = Debug|Any CPU
		{68E88556-1F86-48D6-990D-6F69699D65EA}.Release|Any CPU.ActiveCfg = Release|Any CPU
		{68E88556-1F86-48D6-990D-6F69699D65EA}.Release|Any CPU.Build.0 = Release|Any CPU
		{C4BE7C7C-C6BA-421E-A71D-44249228E6AB}.Debug|Any CPU.ActiveCfg = Debug|Any CPU
		{C4BE7C7C-C6BA-421E-A71D-44249228E6AB}.Debug|Any CPU.Build.0 = Debug|Any CPU
		{C4BE7C7C-C6BA-421E-A71D-44249228E6AB}.Release|Any CPU.ActiveCfg = Release|Any CPU
		{C4BE7C7C-C6BA-421E-A71D-44249228E6AB}.Release|Any CPU.Build.0 = Release|Any CPU
		{6F1B0C9D-2ECF-4843-A071-F77AA6ACB0E5}.Debug|Any CPU.ActiveCfg = Debug|Any CPU
		{6F1B0C9D-2ECF-4843-A071-F77AA6ACB0E5}.Debug|Any CPU.Build.0 = Debug|Any CPU
		{6F1B0C9D-2ECF-4843-A071-F77AA6ACB0E5}.Release|Any CPU.ActiveCfg = Release|Any CPU
		{6F1B0C9D-2ECF-4843-A071-F77AA6ACB0E5}.Release|Any CPU.Build.0 = Release|Any CPU
		{BA7A538B-8EA1-40D5-8C04-C5B78CEF14AF}.Debug|Any CPU.ActiveCfg = Debug|Any CPU
		{BA7A538B-8EA1-40D5-8C04-C5B78CEF14AF}.Debug|Any CPU.Build.0 = Debug|Any CPU
		{BA7A538B-8EA1-40D5-8C04-C5B78CEF14AF}.Release|Any CPU.ActiveCfg = Release|Any CPU
		{BA7A538B-8EA1-40D5-8C04-C5B78CEF14AF}.Release|Any CPU.Build.0 = Release|Any CPU
		{2DE770FA-80CF-4437-99C8-11A236A15136}.Debug|Any CPU.ActiveCfg = Debug|Any CPU
		{2DE770FA-80CF-4437-99C8-11A236A15136}.Debug|Any CPU.Build.0 = Debug|Any CPU
		{2DE770FA-80CF-4437-99C8-11A236A15136}.Release|Any CPU.ActiveCfg = Release|Any CPU
		{2DE770FA-80CF-4437-99C8-11A236A15136}.Release|Any CPU.Build.0 = Release|Any CPU
		{B95081E7-F520-4944-8F48-41D2625D975E}.Debug|Any CPU.ActiveCfg = Debug|Any CPU
		{B95081E7-F520-4944-8F48-41D2625D975E}.Debug|Any CPU.Build.0 = Debug|Any CPU
		{B95081E7-F520-4944-8F48-41D2625D975E}.Release|Any CPU.ActiveCfg = Release|Any CPU
		{B95081E7-F520-4944-8F48-41D2625D975E}.Release|Any CPU.Build.0 = Release|Any CPU
	EndGlobalSection
	GlobalSection(SolutionProperties) = preSolution
		HideSolutionNode = FALSE
	EndGlobalSection
	GlobalSection(ExtensibilityGlobals) = postSolution
		SolutionGuid = {4C164E31-38EB-4EAA-9191-9D0D7235C50C}
	EndGlobalSection
EndGlobal
